
Microsoft Visual Studio Solution File, Format Version 12.00
# Visual Studio 15
VisualStudioVersion = 15.0.27004.2008
MinimumVisualStudioVersion = 10.0.40219.1
Project("{9A19103F-16F7-4668-BE54-9A1E7A4F7556}") = "Aurelia_bootstrap4_babel", "Aurelia_bootstrap4_babel.csproj", "{F2BAE061-18F8-423C-9C95-C5C4C198E795}"
EndProject
Global
	GlobalSection(SolutionConfigurationPlatforms) = preSolution
		Debug|Any CPU = Debug|Any CPU
		Release|Any CPU = Release|Any CPU
	EndGlobalSection
	GlobalSection(ProjectConfigurationPlatforms) = postSolution
		{F2BAE061-18F8-423C-9C95-C5C4C198E795}.Debug|Any CPU.ActiveCfg = Debug|Any CPU
		{F2BAE061-18F8-423C-9C95-C5C4C198E795}.Debug|Any CPU.Build.0 = Debug|Any CPU
		{F2BAE061-18F8-423C-9C95-C5C4C198E795}.Release|Any CPU.ActiveCfg = Release|Any CPU
		{F2BAE061-18F8-423C-9C95-C5C4C198E795}.Release|Any CPU.Build.0 = Release|Any CPU
	EndGlobalSection
	GlobalSection(SolutionProperties) = preSolution
		HideSolutionNode = FALSE
	EndGlobalSection
	GlobalSection(ExtensibilityGlobals) = postSolution
		SolutionGuid = {CE3A4F91-5F5D-464E-BB05-73B981710BCC}
	EndGlobalSection
EndGlobal
